
Microsoft Visual Studio Solution File, Format Version 12.00
# Visual Studio Version 17
VisualStudioVersion = 17.11.35222.181
MinimumVisualStudioVersion = 10.0.40219.1
Project("{8BC9CEB8-8B4A-11D0-8D11-00A0C91BC942}") = "pointer_practice", "pointer_practice\pointer_practice.vcxproj", "{BAFE4E4F-C3A0-4CCC-99E6-C26A8D39CBF7}"
EndProject
Global
	GlobalSection(SolutionConfigurationPlatforms) = preSolution
		Debug|x64 = Debug|x64
		Debug|x86 = Debug|x86
		Release|x64 = Release|x64
		Release|x86 = Release|x86
	EndGlobalSection
	GlobalSection(ProjectConfigurationPlatforms) = postSolution
		{BAFE4E4F-C3A0-4CCC-99E6-C26A8D39CBF7}.Debug|x64.ActiveCfg = Debug|x64
		{BAFE4E4F-C3A0-4CCC-99E6-C26A8D39CBF7}.Debug|x64.Build.0 = Debug|x64
		{BAFE4E4F-C3A0-4CCC-99E6-C26A8D39CBF7}.Debug|x86.ActiveCfg = Debug|Win32
		{BAFE4E4F-C3A0-4CCC-99E6-C26A8D39CBF7}.Debug|x86.Build.0 = Debug|Win32
		{BAFE4E4F-C3A0-4CCC-99E6-C26A8D39CBF7}.Release|x64.ActiveCfg = Release|x64
		{BAFE4E4F-C3A0-4CCC-99E6-C26A8D39CBF7}.Release|x64.Build.0 = Release|x64
		{BAFE4E4F-C3A0-4CCC-99E6-C26A8D39CBF7}.Release|x86.ActiveCfg = Release|Win32
		{BAFE4E4F-C3A0-4CCC-99E6-C26A8D39CBF7}.Release|x86.Build.0 = Release|Win32
	EndGlobalSection
	GlobalSection(SolutionProperties) = preSolution
		HideSolutionNode = FALSE
	EndGlobalSection
	GlobalSection(ExtensibilityGlobals) = postSolution
		SolutionGuid = {5AC5FDF8-D2B7-436F-8BB3-DF0CC7E3913B}
	EndGlobalSection
EndGlobal
