
Microsoft Visual Studio Solution File, Format Version 12.00
# Visual Studio Version 17
VisualStudioVersion = 17.11.35222.181
MinimumVisualStudioVersion = 10.0.40219.1
Project("{8BC9CEB8-8B4A-11D0-8D11-00A0C91BC942}") = "algorithm_pratctice", "algorithm_pratctice\algorithm_pratctice.vcxproj", "{59FA2A68-707D-4DAD-908C-5A625784C5BE}"
EndProject
Global
	GlobalSection(SolutionConfigurationPlatforms) = preSolution
		Debug|x64 = Debug|x64
		Debug|x86 = Debug|x86
		Release|x64 = Release|x64
		Release|x86 = Release|x86
	EndGlobalSection
	GlobalSection(ProjectConfigurationPlatforms) = postSolution
		{59FA2A68-707D-4DAD-908C-5A625784C5BE}.Debug|x64.ActiveCfg = Debug|x64
		{59FA2A68-707D-4DAD-908C-5A625784C5BE}.Debug|x64.Build.0 = Debug|x64
		{59FA2A68-707D-4DAD-908C-5A625784C5BE}.Debug|x86.ActiveCfg = Debug|Win32
		{59FA2A68-707D-4DAD-908C-5A625784C5BE}.Debug|x86.Build.0 = Debug|Win32
		{59FA2A68-707D-4DAD-908C-5A625784C5BE}.Release|x64.ActiveCfg = Release|x64
		{59FA2A68-707D-4DAD-908C-5A625784C5BE}.Release|x64.Build.0 = Release|x64
		{59FA2A68-707D-4DAD-908C-5A625784C5BE}.Release|x86.ActiveCfg = Release|Win32
		{59FA2A68-707D-4DAD-908C-5A625784C5BE}.Release|x86.Build.0 = Release|Win32
	EndGlobalSection
	GlobalSection(SolutionProperties) = preSolution
		HideSolutionNode = FALSE
	EndGlobalSection
	GlobalSection(ExtensibilityGlobals) = postSolution
		SolutionGuid = {8EA23AC5-B267-46DA-94F9-654742174942}
	EndGlobalSection
EndGlobal
