
Microsoft Visual Studio Solution File, Format Version 12.00
# Visual Studio Version 17
VisualStudioVersion = 17.11.35222.181
MinimumVisualStudioVersion = 10.0.40219.1
Project("{8BC9CEB8-8B4A-11D0-8D11-00A0C91BC942}") = "array_practice", "array_practice\array_practice.vcxproj", "{71516F95-C2CA-4B06-BCD2-7DA93A814B10}"
EndProject
Global
	GlobalSection(SolutionConfigurationPlatforms) = preSolution
		Debug|x64 = Debug|x64
		Debug|x86 = Debug|x86
		Release|x64 = Release|x64
		Release|x86 = Release|x86
	EndGlobalSection
	GlobalSection(ProjectConfigurationPlatforms) = postSolution
		{71516F95-C2CA-4B06-BCD2-7DA93A814B10}.Debug|x64.ActiveCfg = Debug|x64
		{71516F95-C2CA-4B06-BCD2-7DA93A814B10}.Debug|x64.Build.0 = Debug|x64
		{71516F95-C2CA-4B06-BCD2-7DA93A814B10}.Debug|x86.ActiveCfg = Debug|Win32
		{71516F95-C2CA-4B06-BCD2-7DA93A814B10}.Debug|x86.Build.0 = Debug|Win32
		{71516F95-C2CA-4B06-BCD2-7DA93A814B10}.Release|x64.ActiveCfg = Release|x64
		{71516F95-C2CA-4B06-BCD2-7DA93A814B10}.Release|x64.Build.0 = Release|x64
		{71516F95-C2CA-4B06-BCD2-7DA93A814B10}.Release|x86.ActiveCfg = Release|Win32
		{71516F95-C2CA-4B06-BCD2-7DA93A814B10}.Release|x86.Build.0 = Release|Win32
	EndGlobalSection
	GlobalSection(SolutionProperties) = preSolution
		HideSolutionNode = FALSE
	EndGlobalSection
	GlobalSection(ExtensibilityGlobals) = postSolution
		SolutionGuid = {9C4FE1BB-51CA-4DA1-9641-03CB0245D2E3}
	EndGlobalSection
EndGlobal
